
Microsoft Visual Studio Solution File, Format Version 12.00
# Visual Studio Version 17
VisualStudioVersion = 17.11.35312.102
MinimumVisualStudioVersion = 10.0.40219.1
Project("{FAE04EC0-301F-11D3-BF4B-00C04F79EFBC}") = "Myfirstapp", "Myfirstapp\Myfirstapp.csproj", "{87221D36-7349-4F1C-A9D0-34158C061921}"
EndProject
Global
	GlobalSection(SolutionConfigurationPlatforms) = preSolution
		Debug|Any CPU = Debug|Any CPU
		Release|Any CPU = Release|Any CPU
	EndGlobalSection
	GlobalSection(ProjectConfigurationPlatforms) = postSolution
		{87221D36-7349-4F1C-A9D0-34158C061921}.Debug|Any CPU.ActiveCfg = Debug|Any CPU
		{87221D36-7349-4F1C-A9D0-34158C061921}.Debug|Any CPU.Build.0 = Debug|Any CPU
		{87221D36-7349-4F1C-A9D0-34158C061921}.Release|Any CPU.ActiveCfg = Release|Any CPU
		{87221D36-7349-4F1C-A9D0-34158C061921}.Release|Any CPU.Build.0 = Release|Any CPU
	EndGlobalSection
	GlobalSection(SolutionProperties) = preSolution
		HideSolutionNode = FALSE
	EndGlobalSection
	GlobalSection(ExtensibilityGlobals) = postSolution
		SolutionGuid = {E463EA50-AD87-4EDD-AEAE-3E8D9C8AA0A6}
	EndGlobalSection
EndGlobal
